{
  "name": "corporate-ui-light",
  "version": "0.0.4",
  "lockfileVersion": 1,
  "requires": true,
  "dependencies": {
    "bootstrap": {
      "version": "3.3.5",
      "resolved": "https://registry.npmjs.org/bootstrap/-/bootstrap-3.3.5.tgz",
      "integrity": "sha1-F3ereSmbEo2H3OfL2G/cRqxpwLE="
    },
    "bootstrap-treeview": {
      "version": "https://github.com/mohammed-softordi/bootstrap-treeview/archive/v1.2.3.tar.gz",
      "integrity": "sha512-m87rGcPK1MbyZ3JcXFjp0+SVWTdePL87DuZnGK6lN2eifByD0J0k2PyCV0pLIhqV1XMapcG2Y0Woz+hHmTz9iA=="
    },
    "jquery": {
      "version": "3.3.1",
      "resolved": "https://registry.npmjs.org/jquery/-/jquery-3.3.1.tgz",
      "integrity": "sha512-Ubldcmxp5np52/ENotGxlLe6aGMvmF4R8S6tZjsP6Knsaxd/xp3Zrh50cG93lR6nPXyUFwzN3ZSOQI0wRJNdGg=="
    },
    "polymer-1.4.0": {
      "version": "1.4.0",
      "resolved": "https://registry.npmjs.org/polymer-1.4.0/-/polymer-1.4.0-1.4.0.tgz",
      "integrity": "sha1-SekVPk4v44537WtJ2jtjepENtvo=",
      "requires": {
        "webcomponents.js": "^0.7.24"
      }
    },
    "webcomponents.js": {
      "version": "0.7.24",
      "resolved": "https://registry.npmjs.org/webcomponents.js/-/webcomponents.js-0.7.24.tgz",
      "integrity": "sha1-IRb7+hRo7EFqe+/aozPh0Rj2nAQ="
    }
  }
}
